{
  "name": "hex3d",
  "version": "1.0.0",
  "lockfileVersion": 2,
  "requires": true,
  "packages": {
    "": {
      "name": "hex3d",
      "version": "1.0.0",
      "license": "Apache-2.0",
      "dependencies": {
        "outline-logs": "^1.0.0",
        "process": "^0.11.10",
        "readline": "^1.3.0"
      }
    },
    "node_modules/outline-logs": {
      "version": "1.0.0",
      "resolved": "https://registry.npmjs.org/outline-logs/-/outline-logs-1.0.0.tgz",
      "integrity": "sha512-3iakV7e/+g7aB8iV49QXFaSUe8MdFXHU4QEnnjldypjqLlYO/cSA2I1757rcokL+dqejbZFJ5aFncRvdXCx/GQ=="
    },
    "node_modules/process": {
      "version": "0.11.10",
      "resolved": "https://registry.npmjs.org/process/-/process-0.11.10.tgz",
      "integrity": "sha512-cdGef/drWFoydD1JsMzuFf8100nZl+GT+yacc2bEced5f9Rjk4z+WtFUTBu9PhOi9j/jfmBPu0mMEY4wIdAF8A==",
      "engines": {
        "node": ">= 0.6.0"
      }
    },
    "node_modules/readline": {
      "version": "1.3.0",
      "resolved": "https://registry.npmjs.org/readline/-/readline-1.3.0.tgz",
      "integrity": "sha512-k2d6ACCkiNYz222Fs/iNze30rRJ1iIicW7JuX/7/cozvih6YCkFZH+J6mAFDVgv0dRBaAyr4jDqC95R2y4IADg=="
    }
  },
  "dependencies": {
    "outline-logs": {
      "version": "1.0.0",
      "resolved": "https://registry.npmjs.org/outline-logs/-/outline-logs-1.0.0.tgz",
      "integrity": "sha512-3iakV7e/+g7aB8iV49QXFaSUe8MdFXHU4QEnnjldypjqLlYO/cSA2I1757rcokL+dqejbZFJ5aFncRvdXCx/GQ=="
    },
    "process": {
      "version": "0.11.10",
      "resolved": "https://registry.npmjs.org/process/-/process-0.11.10.tgz",
      "integrity": "sha512-cdGef/drWFoydD1JsMzuFf8100nZl+GT+yacc2bEced5f9Rjk4z+WtFUTBu9PhOi9j/jfmBPu0mMEY4wIdAF8A=="
    },
    "readline": {
      "version": "1.3.0",
      "resolved": "https://registry.npmjs.org/readline/-/readline-1.3.0.tgz",
      "integrity": "sha512-k2d6ACCkiNYz222Fs/iNze30rRJ1iIicW7JuX/7/cozvih6YCkFZH+J6mAFDVgv0dRBaAyr4jDqC95R2y4IADg=="
    }
  }
}
